
Microsoft Visual Studio Solution File, Format Version 12.00
# Visual Studio Version 17
VisualStudioVersion = 17.4.33213.308
MinimumVisualStudioVersion = 10.0.40219.1
Project("{FAE04EC0-301F-11D3-BF4B-00C04F79EFBC}") = "API_Coloramm", "API_Coloramm.csproj", "{03D927FF-54EF-4F5D-BDB0-D9EBC2B6C0EC}"
EndProject
Global
	GlobalSection(SolutionConfigurationPlatforms) = preSolution
		Debug|Any CPU = Debug|Any CPU
		Release|Any CPU = Release|Any CPU
	EndGlobalSection
	GlobalSection(ProjectConfigurationPlatforms) = postSolution
		{03D927FF-54EF-4F5D-BDB0-D9EBC2B6C0EC}.Debug|Any CPU.ActiveCfg = Debug|Any CPU
		{03D927FF-54EF-4F5D-BDB0-D9EBC2B6C0EC}.Debug|Any CPU.Build.0 = Debug|Any CPU
		{03D927FF-54EF-4F5D-BDB0-D9EBC2B6C0EC}.Release|Any CPU.ActiveCfg = Release|Any CPU
		{03D927FF-54EF-4F5D-BDB0-D9EBC2B6C0EC}.Release|Any CPU.Build.0 = Release|Any CPU
	EndGlobalSection
	GlobalSection(SolutionProperties) = preSolution
		HideSolutionNode = FALSE
	EndGlobalSection
	GlobalSection(ExtensibilityGlobals) = postSolution
		SolutionGuid = {3ABD92B4-D69A-4DE4-90FF-E6CB950F6637}
	EndGlobalSection
EndGlobal
